
Microsoft Visual Studio Solution File, Format Version 12.00
# Visual Studio Version 17
VisualStudioVersion = 17.12.35514.174 d17.12
MinimumVisualStudioVersion = 10.0.40219.1
Project("{FAE04EC0-301F-11D3-BF4B-00C04F79EFBC}") = "STATIC", "STATIC\STATIC.csproj", "{39A980E1-89C6-40C6-8FE9-E0B689C166E0}"
EndProject
Project("{2150E333-8FDC-42A3-9474-1A3956D46DE8}") = "Solution Items", "Solution Items", "{F1659DA4-FD22-424C-B161-F31FC24AEB9E}"
	ProjectSection(SolutionItems) = preProject
		staticcont.cs = staticcont.cs
	EndProjectSection
EndProject
Global
	GlobalSection(SolutionConfigurationPlatforms) = preSolution
		Debug|Any CPU = Debug|Any CPU
		Release|Any CPU = Release|Any CPU
	EndGlobalSection
	GlobalSection(ProjectConfigurationPlatforms) = postSolution
		{39A980E1-89C6-40C6-8FE9-E0B689C166E0}.Debug|Any CPU.ActiveCfg = Debug|Any CPU
		{39A980E1-89C6-40C6-8FE9-E0B689C166E0}.Debug|Any CPU.Build.0 = Debug|Any CPU
		{39A980E1-89C6-40C6-8FE9-E0B689C166E0}.Release|Any CPU.ActiveCfg = Release|Any CPU
		{39A980E1-89C6-40C6-8FE9-E0B689C166E0}.Release|Any CPU.Build.0 = Release|Any CPU
	EndGlobalSection
	GlobalSection(SolutionProperties) = preSolution
		HideSolutionNode = FALSE
	EndGlobalSection
EndGlobal
